
Microsoft Visual Studio Solution File, Format Version 12.00
# Visual Studio Version 17
VisualStudioVersion = 17.3.32825.248
MinimumVisualStudioVersion = 10.0.40219.1
Project("{FAE04EC0-301F-11D3-BF4B-00C04F79EFBC}") = "Demo", "Demo\Demo.csproj", "{A7373754-7773-464C-B12B-C32A4D1FEFBF}"
EndProject
Global
	GlobalSection(SolutionConfigurationPlatforms) = preSolution
		Debug|Any CPU = Debug|Any CPU
		Release|Any CPU = Release|Any CPU
	EndGlobalSection
	GlobalSection(ProjectConfigurationPlatforms) = postSolution
		{A7373754-7773-464C-B12B-C32A4D1FEFBF}.Debug|Any CPU.ActiveCfg = Debug|Any CPU
		{A7373754-7773-464C-B12B-C32A4D1FEFBF}.Debug|Any CPU.Build.0 = Debug|Any CPU
		{A7373754-7773-464C-B12B-C32A4D1FEFBF}.Release|Any CPU.ActiveCfg = Release|Any CPU
		{A7373754-7773-464C-B12B-C32A4D1FEFBF}.Release|Any CPU.Build.0 = Release|Any CPU
	EndGlobalSection
	GlobalSection(SolutionProperties) = preSolution
		HideSolutionNode = FALSE
	EndGlobalSection
	GlobalSection(ExtensibilityGlobals) = postSolution
		SolutionGuid = {19A6688E-A861-4EEC-98FF-865C78FE0A17}
	EndGlobalSection
EndGlobal
